
Microsoft Visual Studio Solution File, Format Version 12.00
# Visual Studio 2013
VisualStudioVersion = 12.0.31101.0
MinimumVisualStudioVersion = 10.0.40219.1
Project("{FAE04EC0-301F-11D3-BF4B-00C04F79EFBC}") = "BeautifulBlueprints", "BeautifulBlueprints\BeautifulBlueprints.csproj", "{B21FD9DE-831B-466A-88FA-2891EA8CA025}"
EndProject
Project("{FAE04EC0-301F-11D3-BF4B-00C04F79EFBC}") = "BeautifulBlueprints.Test", "BeautifulBlueprints.Test\BeautifulBlueprints.Test.csproj", "{335CD718-76CB-426F-834D-54D3AF709632}"
EndProject
Global
	GlobalSection(SolutionConfigurationPlatforms) = preSolution
		Debug|Any CPU = Debug|Any CPU
		Release|Any CPU = Release|Any CPU
	EndGlobalSection
	GlobalSection(ProjectConfigurationPlatforms) = postSolution
		{B21FD9DE-831B-466A-88FA-2891EA8CA025}.Debug|Any CPU.ActiveCfg = Debug|Any CPU
		{B21FD9DE-831B-466A-88FA-2891EA8CA025}.Debug|Any CPU.Build.0 = Debug|Any CPU
		{B21FD9DE-831B-466A-88FA-2891EA8CA025}.Release|Any CPU.ActiveCfg = Release|Any CPU
		{B21FD9DE-831B-466A-88FA-2891EA8CA025}.Release|Any CPU.Build.0 = Release|Any CPU
		{335CD718-76CB-426F-834D-54D3AF709632}.Debug|Any CPU.ActiveCfg = Debug|Any CPU
		{335CD718-76CB-426F-834D-54D3AF709632}.Debug|Any CPU.Build.0 = Debug|Any CPU
		{335CD718-76CB-426F-834D-54D3AF709632}.Release|Any CPU.ActiveCfg = Release|Any CPU
		{335CD718-76CB-426F-834D-54D3AF709632}.Release|Any CPU.Build.0 = Release|Any CPU
	EndGlobalSection
	GlobalSection(SolutionProperties) = preSolution
		HideSolutionNode = FALSE
	EndGlobalSection
EndGlobal
